
Microsoft Visual Studio Solution File, Format Version 12.00
# Visual Studio 15
Project("{FAE04EC0-301F-11D3-BF4B-00C04F79EFBC}") = "Assembly-CSharp-Editor", "Assembly-CSharp-Editor.csproj", "{FCD70860-3C28-E99A-E9BD-D48599482F69}"
EndProject
Project("{FAE04EC0-301F-11D3-BF4B-00C04F79EFBC}") = "Assembly-CSharp", "Assembly-CSharp.csproj", "{96CEE1D3-2E00-5585-F54D-3EAD1DD77A27}"
EndProject
Global
	GlobalSection(SolutionConfigurationPlatforms) = preSolution
		Debug|Any CPU = Debug|Any CPU
		Release|Any CPU = Release|Any CPU
	EndGlobalSection
	GlobalSection(ProjectConfigurationPlatforms) = postSolution
		{FCD70860-3C28-E99A-E9BD-D48599482F69}.Debug|Any CPU.ActiveCfg = Debug|Any CPU
		{FCD70860-3C28-E99A-E9BD-D48599482F69}.Debug|Any CPU.Build.0 = Debug|Any CPU
		{FCD70860-3C28-E99A-E9BD-D48599482F69}.Release|Any CPU.ActiveCfg = Release|Any CPU
		{FCD70860-3C28-E99A-E9BD-D48599482F69}.Release|Any CPU.Build.0 = Release|Any CPU
		{96CEE1D3-2E00-5585-F54D-3EAD1DD77A27}.Debug|Any CPU.ActiveCfg = Debug|Any CPU
		{96CEE1D3-2E00-5585-F54D-3EAD1DD77A27}.Debug|Any CPU.Build.0 = Debug|Any CPU
		{96CEE1D3-2E00-5585-F54D-3EAD1DD77A27}.Release|Any CPU.ActiveCfg = Release|Any CPU
		{96CEE1D3-2E00-5585-F54D-3EAD1DD77A27}.Release|Any CPU.Build.0 = Release|Any CPU
	EndGlobalSection
	GlobalSection(SolutionProperties) = preSolution
		HideSolutionNode = FALSE
	EndGlobalSection
EndGlobal
